<?xml version="1.0" encoding="utf-8"?>
<Project ToolsVersion="17.0" xmlns="http://schemas.microsoft.com/developer/msbuild/2003">
  <ItemGroup>
    <CustomBuild Include="C:\Users\thoma\Documents\Projects\CPP\lox-interpreter\CMakeFiles\2bbfa3063d3b7b13836ac998f804c128\RUN_TESTS_force.rule">
      <Filter>CMake Rules</Filter>
    </CustomBuild>
  </ItemGroup>
  <ItemGroup>
    <Filter Include="CMake Rules">
      <UniqueIdentifier>{74F0E937-A9CD-3E34-9A18-6FEB5D9544C6}</UniqueIdentifier>
    </Filter>
  </ItemGroup>
</Project>
