<?xml version="1.0" encoding="utf-8"?>
<Project ToolsVersion="17.0" xmlns="http://schemas.microsoft.com/developer/msbuild/2003">
  <ItemGroup>
    <ClCompile Include="C:\Users\thoma\Documents\Projects\CPP\lox-interpreter\src\main.cpp">
      <Filter>Source Files</Filter>
    </ClCompile>
    <ClCompile Include="C:\Users\thoma\Documents\Projects\CPP\lox-interpreter\src\lox.cpp">
      <Filter>Source Files</Filter>
    </ClCompile>
    <ClCompile Include="C:\Users\thoma\Documents\Projects\CPP\lox-interpreter\src\scanner.cpp">
      <Filter>Source Files</Filter>
    </ClCompile>
    <ClCompile Include="C:\Users\thoma\Documents\Projects\CPP\lox-interpreter\src\token.cpp">
      <Filter>Source Files</Filter>
    </ClCompile>
    <ClCompile Include="C:\Users\thoma\Documents\Projects\CPP\lox-interpreter\src\parser.cpp">
      <Filter>Source Files</Filter>
    </ClCompile>
    <ClCompile Include="C:\Users\thoma\Documents\Projects\CPP\lox-interpreter\src\utils.cpp">
      <Filter>Source Files</Filter>
    </ClCompile>
  </ItemGroup>
  <ItemGroup>
    <CustomBuild Include="C:\Users\thoma\Documents\Projects\CPP\lox-interpreter\src\CMakeLists.txt" />
  </ItemGroup>
  <ItemGroup>
    <Filter Include="Source Files">
      <UniqueIdentifier>{5E235B2C-B8AB-353B-96FC-71048271FEF4}</UniqueIdentifier>
    </Filter>
  </ItemGroup>
</Project>
